{
  "nodes": {
    "darwin": {
      "inputs": {
        "nixpkgs": [
          "nixpkgs-unstable"
        ]
      },
      "locked": {
        "lastModified": 1706833576,
        "narHash": "sha256-w7BL0EWRts+nD1lbLECIuz6fRzmmV+z8oWwoY7womR0=",
        "owner": "lnl7",
        "repo": "nix-darwin",
        "rev": "bdbae6ecff8fcc322bf6b9053c0b984912378af7",
        "type": "github"
      },
      "original": {
        "owner": "lnl7",
        "ref": "master",
        "repo": "nix-darwin",
        "type": "github"
      }
    },
    "fenix": {
      "inputs": {
        "nixpkgs": [
          "nixpkgs-unstable"
        ],
        "rust-analyzer-src": "rust-analyzer-src"
      },
      "locked": {
        "lastModified": 1706941198,
        "narHash": "sha256-t6/qloMYdknVJ9a3QzjylQIZnQfgefJ5kMim50B7dwA=",
        "owner": "nix-community",
        "repo": "fenix",
        "rev": "28dbd8b43ea328ee708f7da538c63e03d5ed93c8",
        "type": "github"
      },
      "original": {
        "owner": "nix-community",
        "repo": "fenix",
        "type": "github"
      }
    },
    "flake-compat": {
      "flake": false,
      "locked": {
        "lastModified": 1673956053,
        "narHash": "sha256-4gtG9iQuiKITOjNQQeQIpoIB6b16fm+504Ch3sNKLd8=",
        "owner": "edolstra",
        "repo": "flake-compat",
        "rev": "35bb57c0c8d8b62bbfd284272c928ceb64ddbde9",
        "type": "github"
      },
      "original": {
        "owner": "edolstra",
        "repo": "flake-compat",
        "type": "github"
      }
    },
    "flake-compat_2": {
      "flake": false,
      "locked": {
        "lastModified": 1673956053,
        "narHash": "sha256-4gtG9iQuiKITOjNQQeQIpoIB6b16fm+504Ch3sNKLd8=",
        "owner": "edolstra",
        "repo": "flake-compat",
        "rev": "35bb57c0c8d8b62bbfd284272c928ceb64ddbde9",
        "type": "github"
      },
      "original": {
        "owner": "edolstra",
        "repo": "flake-compat",
        "type": "github"
      }
    },
    "flake-compat_3": {
      "flake": false,
      "locked": {
        "lastModified": 1673956053,
        "narHash": "sha256-4gtG9iQuiKITOjNQQeQIpoIB6b16fm+504Ch3sNKLd8=",
        "owner": "edolstra",
        "repo": "flake-compat",
        "rev": "35bb57c0c8d8b62bbfd284272c928ceb64ddbde9",
        "type": "github"
      },
      "original": {
        "owner": "edolstra",
        "repo": "flake-compat",
        "type": "github"
      }
    },
    "flake-utils": {
      "locked": {
        "lastModified": 1659877975,
        "narHash": "sha256-zllb8aq3YO3h8B/U0/J1WBgAL8EX5yWf5pMj3G0NAmc=",
        "owner": "numtide",
        "repo": "flake-utils",
        "rev": "c0e246b9b83f637f4681389ecabcb2681b4f3af0",
        "type": "github"
      },
      "original": {
        "owner": "numtide",
        "repo": "flake-utils",
        "type": "github"
      }
    },
    "flake-utils_2": {
      "inputs": {
        "systems": "systems"
      },
      "locked": {
        "lastModified": 1694529238,
        "narHash": "sha256-zsNZZGTGnMOf9YpHKJqMSsa0dXbfmxeoJ7xHlrt+xmY=",
        "owner": "numtide",
        "repo": "flake-utils",
        "rev": "ff7b65b44d01cf9ba6a71320833626af21126384",
        "type": "github"
      },
      "original": {
        "owner": "numtide",
        "repo": "flake-utils",
        "type": "github"
      }
    },
    "flake-utils_3": {
      "locked": {
        "lastModified": 1659877975,
        "narHash": "sha256-zllb8aq3YO3h8B/U0/J1WBgAL8EX5yWf5pMj3G0NAmc=",
        "owner": "numtide",
        "repo": "flake-utils",
        "rev": "c0e246b9b83f637f4681389ecabcb2681b4f3af0",
        "type": "github"
      },
      "original": {
        "owner": "numtide",
        "repo": "flake-utils",
        "type": "github"
      }
    },
    "flake-utils_4": {
      "inputs": {
        "systems": "systems_2"
      },
      "locked": {
        "lastModified": 1705309234,
        "narHash": "sha256-uNRRNRKmJyCRC/8y1RqBkqWBLM034y4qN7EprSdmgyA=",
        "owner": "numtide",
        "repo": "flake-utils",
        "rev": "1ef2e671c3b0c19053962c07dbda38332dcebf26",
        "type": "github"
      },
      "original": {
        "owner": "numtide",
        "repo": "flake-utils",
        "type": "github"
      }
    },
    "flake-utils_5": {
      "locked": {
        "lastModified": 1659877975,
        "narHash": "sha256-zllb8aq3YO3h8B/U0/J1WBgAL8EX5yWf5pMj3G0NAmc=",
        "owner": "numtide",
        "repo": "flake-utils",
        "rev": "c0e246b9b83f637f4681389ecabcb2681b4f3af0",
        "type": "github"
      },
      "original": {
        "owner": "numtide",
        "repo": "flake-utils",
        "type": "github"
      }
    },
    "ghostty": {
      "inputs": {
        "nixpkgs-stable": "nixpkgs-stable",
        "nixpkgs-unstable": "nixpkgs-unstable",
        "nixpkgs-zig-0-12": "nixpkgs-zig-0-12",
        "zig": "zig",
        "zls": "zls"
      },
      "locked": {
        "lastModified": 1707020764,
        "narHash": "sha256-KpSyl8LfDWXO87LZYGm+cectWGtZUqvDLi1DK8qTbWU=",
        "ref": "refs/heads/main",
        "rev": "e56394cbb6d9944fe944641c512e85bd854b41d1",
        "revCount": 4940,
        "type": "git",
        "url": "ssh://git@github.com/mitchellh/ghostty"
      },
      "original": {
        "type": "git",
        "url": "ssh://git@github.com/mitchellh/ghostty"
      }
    },
    "gitignore": {
      "inputs": {
        "nixpkgs": [
          "ghostty",
          "zls",
          "nixpkgs"
        ]
      },
      "locked": {
        "lastModified": 1694102001,
        "narHash": "sha256-vky6VPK1n1od6vXbqzOXnekrQpTL4hbPAwUhT5J9c9E=",
        "owner": "hercules-ci",
        "repo": "gitignore.nix",
        "rev": "9e21c80adf67ebcb077d75bd5e7d724d21eeafd6",
        "type": "github"
      },
      "original": {
        "owner": "hercules-ci",
        "repo": "gitignore.nix",
        "type": "github"
      }
    },
    "home-manager": {
      "inputs": {
        "nixpkgs": [
          "nixpkgs-unstable"
        ]
      },
      "locked": {
        "lastModified": 1706981411,
        "narHash": "sha256-cLbLPTL1CDmETVh4p0nQtvoF+FSEjsnJTFpTxhXywhQ=",
        "owner": "nix-community",
        "repo": "home-manager",
        "rev": "652fda4ca6dafeb090943422c34ae9145787af37",
        "type": "github"
      },
      "original": {
        "owner": "nix-community",
        "ref": "release-23.11",
        "repo": "home-manager",
        "type": "github"
      }
    },
    "langref": {
      "flake": false,
      "locked": {
        "narHash": "sha256-mYdDCBdNEIeMbavdhSo8qXqW+3fqPC8BAich7W3umrI=",
        "type": "file",
        "url": "https://raw.githubusercontent.com/ziglang/zig/63bd2bff12992aef0ce23ae4b344e9cb5d65f05d/doc/langref.html.in"
      },
      "original": {
        "type": "file",
        "url": "https://raw.githubusercontent.com/ziglang/zig/63bd2bff12992aef0ce23ae4b344e9cb5d65f05d/doc/langref.html.in"
      }
    },
    "nixpkgs": {
      "locked": {
        "lastModified": 1707039165,
        "narHash": "sha256-2p9VEcmcA/WZQwIW44As8KdnuSBZgusGbLy4J5aNph8=",
        "owner": "NixOS",
        "repo": "nixpkgs",
        "rev": "6a31cd61a26fb6ad84615aa23bd564547fd8b968",
        "type": "github"
      },
      "original": {
        "owner": "NixOS",
        "ref": "release-23.11",
        "repo": "nixpkgs",
        "type": "github"
      }
    },
    "nixpkgs-stable": {
      "locked": {
        "lastModified": 1702049175,
        "narHash": "sha256-c/q2+tGHbmLgzT3sXyUKVJR98h1CTks2+nkVaoZPRM0=",
        "owner": "nixos",
        "repo": "nixpkgs",
        "rev": "b15508bd65870620f1df5864e8e861dffbc4e428",
        "type": "github"
      },
      "original": {
        "owner": "nixos",
        "ref": "release-23.05",
        "repo": "nixpkgs",
        "type": "github"
      }
    },
    "nixpkgs-unstable": {
      "locked": {
        "lastModified": 1688221086,
        "narHash": "sha256-cdW6qUL71cNWhHCpMPOJjlw0wzSRP0pVlRn2vqX/VVg=",
        "owner": "nixos",
        "repo": "nixpkgs",
        "rev": "cd99c2b3c9f160cd004318e0697f90bbd5960825",
        "type": "github"
      },
      "original": {
        "owner": "nixos",
        "ref": "nixpkgs-unstable",
        "repo": "nixpkgs",
        "type": "github"
      }
    },
    "nixpkgs-unstable_2": {
      "locked": {
        "lastModified": 1707040934,
        "narHash": "sha256-tP3CtRHqIreue8Bv7MDMcwedu/ZtCOaztJcuxw7uBlM=",
        "owner": "NixOS",
        "repo": "nixpkgs",
        "rev": "df3ea869ff95ca0d3df96bb9bcd21fdeac8dae48",
        "type": "github"
      },
      "original": {
        "owner": "NixOS",
        "ref": "master",
        "repo": "nixpkgs",
        "type": "github"
      }
    },
    "nixpkgs-zig-0-12": {
      "locked": {
        "lastModified": 1706247802,
        "narHash": "sha256-wcEYxplhiIQNRAjgDhuinZTfMqTXCyVqXpbLRRSofRo=",
        "owner": "vancluever",
        "repo": "nixpkgs",
        "rev": "73426540157eea901755d4ac2b6f9b9d83540f54",
        "type": "github"
      },
      "original": {
        "owner": "vancluever",
        "ref": "vancluever-zig-0-12",
        "repo": "nixpkgs",
        "type": "github"
      }
    },
    "nixpkgs-zig-0-12_2": {
      "locked": {
        "lastModified": 1706247802,
        "narHash": "sha256-wcEYxplhiIQNRAjgDhuinZTfMqTXCyVqXpbLRRSofRo=",
        "owner": "vancluever",
        "repo": "nixpkgs",
        "rev": "73426540157eea901755d4ac2b6f9b9d83540f54",
        "type": "github"
      },
      "original": {
        "owner": "vancluever",
        "ref": "vancluever-zig-0-12",
        "repo": "nixpkgs",
        "type": "github"
      }
    },
    "nixpkgs_2": {
      "locked": {
        "lastModified": 1706487304,
        "narHash": "sha256-LE8lVX28MV2jWJsidW13D2qrHU/RUUONendL2Q/WlJg=",
        "owner": "NixOS",
        "repo": "nixpkgs",
        "rev": "90f456026d284c22b3e3497be980b2e47d0b28ac",
        "type": "github"
      },
      "original": {
        "owner": "NixOS",
        "ref": "nixpkgs-unstable",
        "repo": "nixpkgs",
        "type": "github"
      }
    },
    "nixpkgs_3": {
      "locked": {
        "lastModified": 1702350026,
        "narHash": "sha256-A+GNZFZdfl4JdDphYKBJ5Ef1HOiFsP18vQe9mqjmUis=",
        "owner": "NixOS",
        "repo": "nixpkgs",
        "rev": "9463103069725474698139ab10f17a9d125da859",
        "type": "github"
      },
      "original": {
        "owner": "NixOS",
        "ref": "nixos-23.05",
        "repo": "nixpkgs",
        "type": "github"
      }
    },
    "root": {
      "inputs": {
        "darwin": "darwin",
        "fenix": "fenix",
        "ghostty": "ghostty",
        "home-manager": "home-manager",
        "nixpkgs": "nixpkgs",
        "nixpkgs-unstable": "nixpkgs-unstable_2",
        "nixpkgs-zig-0-12": "nixpkgs-zig-0-12_2",
        "rust-overlay": "rust-overlay",
        "zig": "zig_2"
      }
    },
    "rust-analyzer-src": {
      "flake": false,
      "locked": {
        "lastModified": 1706875368,
        "narHash": "sha256-KOBXxNurIU2lEmO6lR2A5El32X9x8ITt25McxKZ/Ew0=",
        "owner": "rust-lang",
        "repo": "rust-analyzer",
        "rev": "8f6a72871ec87ed53cfe43a09fb284168a284e7e",
        "type": "github"
      },
      "original": {
        "owner": "rust-lang",
        "ref": "nightly",
        "repo": "rust-analyzer",
        "type": "github"
      }
    },
    "rust-overlay": {
      "inputs": {
        "flake-utils": "flake-utils_4",
        "nixpkgs": "nixpkgs_2"
      },
      "locked": {
        "lastModified": 1707012820,
        "narHash": "sha256-4cxIaHUx6/DSEVHJfK0gx4DZkJ5xHugan27KfuVPnj0=",
        "owner": "oxalica",
        "repo": "rust-overlay",
        "rev": "b83b8c3ef16d15a4ae3843d74f32dfc86caed60f",
        "type": "github"
      },
      "original": {
        "owner": "oxalica",
        "repo": "rust-overlay",
        "type": "github"
      }
    },
    "systems": {
      "locked": {
        "lastModified": 1681028828,
        "narHash": "sha256-Vy1rq5AaRuLzOxct8nz4T6wlgyUR7zLU309k9mBC768=",
        "owner": "nix-systems",
        "repo": "default",
        "rev": "da67096a3b9bf56a91d16901293e51ba5b49a27e",
        "type": "github"
      },
      "original": {
        "owner": "nix-systems",
        "repo": "default",
        "type": "github"
      }
    },
    "systems_2": {
      "locked": {
        "lastModified": 1681028828,
        "narHash": "sha256-Vy1rq5AaRuLzOxct8nz4T6wlgyUR7zLU309k9mBC768=",
        "owner": "nix-systems",
        "repo": "default",
        "rev": "da67096a3b9bf56a91d16901293e51ba5b49a27e",
        "type": "github"
      },
      "original": {
        "owner": "nix-systems",
        "repo": "default",
        "type": "github"
      }
    },
    "zig": {
      "inputs": {
        "flake-compat": "flake-compat",
        "flake-utils": "flake-utils",
        "nixpkgs": [
          "ghostty",
          "nixpkgs-stable"
        ]
      },
      "locked": {
        "lastModified": 1706288111,
        "narHash": "sha256-CvSS/BMm86Uzjeb8pEkWa3qnuzMiPPmT8hf5lDOP6TE=",
        "owner": "mitchellh",
        "repo": "zig-overlay",
        "rev": "7f5d4cbecf3aa75ac8afaef8a20723b3a57f7d20",
        "type": "github"
      },
      "original": {
        "owner": "mitchellh",
        "repo": "zig-overlay",
        "type": "github"
      }
    },
    "zig-overlay": {
      "inputs": {
        "flake-compat": "flake-compat_2",
        "flake-utils": "flake-utils_3",
        "nixpkgs": [
          "ghostty",
          "zls",
          "nixpkgs"
        ]
      },
      "locked": {
        "lastModified": 1701390337,
        "narHash": "sha256-C+Lyio+GPl3B2IAZ6Nk5hAAE2g6a8bO9vMACUfOLC/g=",
        "owner": "mitchellh",
        "repo": "zig-overlay",
        "rev": "1815ef2d0451b1121a6a91051da84906fcb06f99",
        "type": "github"
      },
      "original": {
        "owner": "mitchellh",
        "repo": "zig-overlay",
        "type": "github"
      }
    },
    "zig_2": {
      "inputs": {
        "flake-compat": "flake-compat_3",
        "flake-utils": "flake-utils_5",
        "nixpkgs": "nixpkgs_3"
      },
      "locked": {
        "lastModified": 1706962084,
        "narHash": "sha256-oZpx5MLP0OgCHKarx/athA0n5xjnSPixUbIO/99wga0=",
        "owner": "mitchellh",
        "repo": "zig-overlay",
        "rev": "db99665b8b11379799a688cb33172cb8ac2990c3",
        "type": "github"
      },
      "original": {
        "owner": "mitchellh",
        "repo": "zig-overlay",
        "type": "github"
      }
    },
    "zls": {
      "inputs": {
        "flake-utils": "flake-utils_2",
        "gitignore": "gitignore",
        "langref": "langref",
        "nixpkgs": [
          "ghostty",
          "nixpkgs-stable"
        ],
        "zig-overlay": "zig-overlay"
      },
      "locked": {
        "lastModified": 1703036566,
        "narHash": "sha256-GKw+ON8FcUVHxDzA35piev/W/YUvXv5aZ4hmIzNFWuc=",
        "owner": "zigtools",
        "repo": "zls",
        "rev": "adaeabbe1ba888d74309d0a837d4abddc24cf638",
        "type": "github"
      },
      "original": {
        "owner": "zigtools",
        "ref": "master",
        "repo": "zls",
        "type": "github"
      }
    }
  },
  "root": "root",
  "version": 7
}
